
Microsoft Visual Studio Solution File, Format Version 12.00
# Visual Studio Version 17
VisualStudioVersion = 17.0.31903.59
MinimumVisualStudioVersion = 10.0.40219.1
Project("{FAE04EC0-301F-11D3-BF4B-00C04F79EFBC}") = "Hotel.Booking.Contracts", "Hotel.Booking.Contracts\Hotel.Booking.Contracts.csproj", "{8582CF70-415E-46CC-A9C4-C29BF776DF09}"
EndProject
Project("{FAE04EC0-301F-11D3-BF4B-00C04F79EFBC}") = "Hotel.Booking", "Hotel.Booking\Hotel.Booking.csproj", "{80C30E20-DDF0-4D1C-A790-8D4FB94A4A93}"
EndProject
Project("{FAE04EC0-301F-11D3-BF4B-00C04F79EFBC}") = "Hotel.Billing.Contracts", "Hotel.Billing.Contracts\Hotel.Billing.Contracts.csproj", "{2E74A79D-D762-4587-B5B7-187945D3D850}"
EndProject
Project("{FAE04EC0-301F-11D3-BF4B-00C04F79EFBC}") = "Hotel.Billing", "Hotel.Billing\Hotel.Billing.csproj", "{8B7E33FC-724A-4C45-B5E7-38346F0BDD91}"
EndProject
Project("{FAE04EC0-301F-11D3-BF4B-00C04F79EFBC}") = "Hotel.Housekeeping.Contracts", "Hotel.Housekeeping.Contracts\Hotel.Housekeeping.Contracts.csproj", "{5B306AA0-FE79-4F24-9DBB-83F1F23DCBB5}"
EndProject
Project("{FAE04EC0-301F-11D3-BF4B-00C04F79EFBC}") = "Hotel.Housekeeping", "Hotel.Housekeeping\Hotel.Housekeeping.csproj", "{4CE10128-1EE9-4507-90BD-2D7E93F37E8C}"
EndProject
Project("{FAE04EC0-301F-11D3-BF4B-00C04F79EFBC}") = "Hotel.Infrastructure", "Hotel.Infrastructure\Hotel.Infrastructure.csproj", "{261322E7-E6D1-40C2-BD60-01FDACDF7851}"
EndProject
Project("{FAE04EC0-301F-11D3-BF4B-00C04F79EFBC}") = "Hotel.Runner", "Hotel.Runner\Hotel.Runner.csproj", "{4E86260B-4B42-4874-8411-25919A6EBB06}"
EndProject
Global
	GlobalSection(SolutionConfigurationPlatforms) = preSolution
		Debug|Any CPU = Debug|Any CPU
		Debug|x64 = Debug|x64
		Debug|x86 = Debug|x86
		Release|Any CPU = Release|Any CPU
		Release|x64 = Release|x64
		Release|x86 = Release|x86
	EndGlobalSection
	GlobalSection(ProjectConfigurationPlatforms) = postSolution
		{8582CF70-415E-46CC-A9C4-C29BF776DF09}.Debug|Any CPU.ActiveCfg = Debug|Any CPU
		{8582CF70-415E-46CC-A9C4-C29BF776DF09}.Debug|Any CPU.Build.0 = Debug|Any CPU
		{8582CF70-415E-46CC-A9C4-C29BF776DF09}.Debug|x64.ActiveCfg = Debug|Any CPU
		{8582CF70-415E-46CC-A9C4-C29BF776DF09}.Debug|x64.Build.0 = Debug|Any CPU
		{8582CF70-415E-46CC-A9C4-C29BF776DF09}.Debug|x86.ActiveCfg = Debug|Any CPU
		{8582CF70-415E-46CC-A9C4-C29BF776DF09}.Debug|x86.Build.0 = Debug|Any CPU
		{8582CF70-415E-46CC-A9C4-C29BF776DF09}.Release|Any CPU.ActiveCfg = Release|Any CPU
		{8582CF70-415E-46CC-A9C4-C29BF776DF09}.Release|Any CPU.Build.0 = Release|Any CPU
		{8582CF70-415E-46CC-A9C4-C29BF776DF09}.Release|x64.ActiveCfg = Release|Any CPU
		{8582CF70-415E-46CC-A9C4-C29BF776DF09}.Release|x64.Build.0 = Release|Any CPU
		{8582CF70-415E-46CC-A9C4-C29BF776DF09}.Release|x86.ActiveCfg = Release|Any CPU
		{8582CF70-415E-46CC-A9C4-C29BF776DF09}.Release|x86.Build.0 = Release|Any CPU
		{80C30E20-DDF0-4D1C-A790-8D4FB94A4A93}.Debug|Any CPU.ActiveCfg = Debug|Any CPU
		{80C30E20-DDF0-4D1C-A790-8D4FB94A4A93}.Debug|Any CPU.Build.0 = Debug|Any CPU
		{80C30E20-DDF0-4D1C-A790-8D4FB94A4A93}.Debug|x64.ActiveCfg = Debug|Any CPU
		{80C30E20-DDF0-4D1C-A790-8D4FB94A4A93}.Debug|x64.Build.0 = Debug|Any CPU
		{80C30E20-DDF0-4D1C-A790-8D4FB94A4A93}.Debug|x86.ActiveCfg = Debug|Any CPU
		{80C30E20-DDF0-4D1C-A790-8D4FB94A4A93}.Debug|x86.Build.0 = Debug|Any CPU
		{80C30E20-DDF0-4D1C-A790-8D4FB94A4A93}.Release|Any CPU.ActiveCfg = Release|Any CPU
		{80C30E20-DDF0-4D1C-A790-8D4FB94A4A93}.Release|Any CPU.Build.0 = Release|Any CPU
		{80C30E20-DDF0-4D1C-A790-8D4FB94A4A93}.Release|x64.ActiveCfg = Release|Any CPU
		{80C30E20-DDF0-4D1C-A790-8D4FB94A4A93}.Release|x64.Build.0 = Release|Any CPU
		{80C30E20-DDF0-4D1C-A790-8D4FB94A4A93}.Release|x86.ActiveCfg = Release|Any CPU
		{80C30E20-DDF0-4D1C-A790-8D4FB94A4A93}.Release|x86.Build.0 = Release|Any CPU
		{2E74A79D-D762-4587-B5B7-187945D3D850}.Debug|Any CPU.ActiveCfg = Debug|Any CPU
		{2E74A79D-D762-4587-B5B7-187945D3D850}.Debug|Any CPU.Build.0 = Debug|Any CPU
		{2E74A79D-D762-4587-B5B7-187945D3D850}.Debug|x64.ActiveCfg = Debug|Any CPU
		{2E74A79D-D762-4587-B5B7-187945D3D850}.Debug|x64.Build.0 = Debug|Any CPU
		{2E74A79D-D762-4587-B5B7-187945D3D850}.Debug|x86.ActiveCfg = Debug|Any CPU
		{2E74A79D-D762-4587-B5B7-187945D3D850}.Debug|x86.Build.0 = Debug|Any CPU
		{2E74A79D-D762-4587-B5B7-187945D3D850}.Release|Any CPU.ActiveCfg = Release|Any CPU
		{2E74A79D-D762-4587-B5B7-187945D3D850}.Release|Any CPU.Build.0 = Release|Any CPU
		{2E74A79D-D762-4587-B5B7-187945D3D850}.Release|x64.ActiveCfg = Release|Any CPU
		{2E74A79D-D762-4587-B5B7-187945D3D850}.Release|x64.Build.0 = Release|Any CPU
		{2E74A79D-D762-4587-B5B7-187945D3D850}.Release|x86.ActiveCfg = Release|Any CPU
		{2E74A79D-D762-4587-B5B7-187945D3D850}.Release|x86.Build.0 = Release|Any CPU
		{8B7E33FC-724A-4C45-B5E7-38346F0BDD91}.Debug|Any CPU.ActiveCfg = Debug|Any CPU
		{8B7E33FC-724A-4C45-B5E7-38346F0BDD91}.Debug|Any CPU.Build.0 = Debug|Any CPU
		{8B7E33FC-724A-4C45-B5E7-38346F0BDD91}.Debug|x64.ActiveCfg = Debug|Any CPU
		{8B7E33FC-724A-4C45-B5E7-38346F0BDD91}.Debug|x64.Build.0 = Debug|Any CPU
		{8B7E33FC-724A-4C45-B5E7-38346F0BDD91}.Debug|x86.ActiveCfg = Debug|Any CPU
		{8B7E33FC-724A-4C45-B5E7-38346F0BDD91}.Debug|x86.Build.0 = Debug|Any CPU
		{8B7E33FC-724A-4C45-B5E7-38346F0BDD91}.Release|Any CPU.ActiveCfg = Release|Any CPU
		{8B7E33FC-724A-4C45-B5E7-38346F0BDD91}.Release|Any CPU.Build.0 = Release|Any CPU
		{8B7E33FC-724A-4C45-B5E7-38346F0BDD91}.Release|x64.ActiveCfg = Release|Any CPU
		{8B7E33FC-724A-4C45-B5E7-38346F0BDD91}.Release|x64.Build.0 = Release|Any CPU
		{8B7E33FC-724A-4C45-B5E7-38346F0BDD91}.Release|x86.ActiveCfg = Release|Any CPU
		{8B7E33FC-724A-4C45-B5E7-38346F0BDD91}.Release|x86.Build.0 = Release|Any CPU
		{5B306AA0-FE79-4F24-9DBB-83F1F23DCBB5}.Debug|Any CPU.ActiveCfg = Debug|Any CPU
		{5B306AA0-FE79-4F24-9DBB-83F1F23DCBB5}.Debug|Any CPU.Build.0 = Debug|Any CPU
		{5B306AA0-FE79-4F24-9DBB-83F1F23DCBB5}.Debug|x64.ActiveCfg = Debug|Any CPU
		{5B306AA0-FE79-4F24-9DBB-83F1F23DCBB5}.Debug|x64.Build.0 = Debug|Any CPU
		{5B306AA0-FE79-4F24-9DBB-83F1F23DCBB5}.Debug|x86.ActiveCfg = Debug|Any CPU
		{5B306AA0-FE79-4F24-9DBB-83F1F23DCBB5}.Debug|x86.Build.0 = Debug|Any CPU
		{5B306AA0-FE79-4F24-9DBB-83F1F23DCBB5}.Release|Any CPU.ActiveCfg = Release|Any CPU
		{5B306AA0-FE79-4F24-9DBB-83F1F23DCBB5}.Release|Any CPU.Build.0 = Release|Any CPU
		{5B306AA0-FE79-4F24-9DBB-83F1F23DCBB5}.Release|x64.ActiveCfg = Release|Any CPU
		{5B306AA0-FE79-4F24-9DBB-83F1F23DCBB5}.Release|x64.Build.0 = Release|Any CPU
		{5B306AA0-FE79-4F24-9DBB-83F1F23DCBB5}.Release|x86.ActiveCfg = Release|Any CPU
		{5B306AA0-FE79-4F24-9DBB-83F1F23DCBB5}.Release|x86.Build.0 = Release|Any CPU
		{4CE10128-1EE9-4507-90BD-2D7E93F37E8C}.Debug|Any CPU.ActiveCfg = Debug|Any CPU
		{4CE10128-1EE9-4507-90BD-2D7E93F37E8C}.Debug|Any CPU.Build.0 = Debug|Any CPU
		{4CE10128-1EE9-4507-90BD-2D7E93F37E8C}.Debug|x64.ActiveCfg = Debug|Any CPU
		{4CE10128-1EE9-4507-90BD-2D7E93F37E8C}.Debug|x64.Build.0 = Debug|Any CPU
		{4CE10128-1EE9-4507-90BD-2D7E93F37E8C}.Debug|x86.ActiveCfg = Debug|Any CPU
		{4CE10128-1EE9-4507-90BD-2D7E93F37E8C}.Debug|x86.Build.0 = Debug|Any CPU
		{4CE10128-1EE9-4507-90BD-2D7E93F37E8C}.Release|Any CPU.ActiveCfg = Release|Any CPU
		{4CE10128-1EE9-4507-90BD-2D7E93F37E8C}.Release|Any CPU.Build.0 = Release|Any CPU
		{4CE10128-1EE9-4507-90BD-2D7E93F37E8C}.Release|x64.ActiveCfg = Release|Any CPU
		{4CE10128-1EE9-4507-90BD-2D7E93F37E8C}.Release|x64.Build.0 = Release|Any CPU
		{4CE10128-1EE9-4507-90BD-2D7E93F37E8C}.Release|x86.ActiveCfg = Release|Any CPU
		{4CE10128-1EE9-4507-90BD-2D7E93F37E8C}.Release|x86.Build.0 = Release|Any CPU
		{261322E7-E6D1-40C2-BD60-01FDACDF7851}.Debug|Any CPU.ActiveCfg = Debug|Any CPU
		{261322E7-E6D1-40C2-BD60-01FDACDF7851}.Debug|Any CPU.Build.0 = Debug|Any CPU
		{261322E7-E6D1-40C2-BD60-01FDACDF7851}.Debug|x64.ActiveCfg = Debug|Any CPU
		{261322E7-E6D1-40C2-BD60-01FDACDF7851}.Debug|x64.Build.0 = Debug|Any CPU
		{261322E7-E6D1-40C2-BD60-01FDACDF7851}.Debug|x86.ActiveCfg = Debug|Any CPU
		{261322E7-E6D1-40C2-BD60-01FDACDF7851}.Debug|x86.Build.0 = Debug|Any CPU
		{261322E7-E6D1-40C2-BD60-01FDACDF7851}.Release|Any CPU.ActiveCfg = Release|Any CPU
		{261322E7-E6D1-40C2-BD60-01FDACDF7851}.Release|Any CPU.Build.0 = Release|Any CPU
		{261322E7-E6D1-40C2-BD60-01FDACDF7851}.Release|x64.ActiveCfg = Release|Any CPU
		{261322E7-E6D1-40C2-BD60-01FDACDF7851}.Release|x64.Build.0 = Release|Any CPU
		{261322E7-E6D1-40C2-BD60-01FDACDF7851}.Release|x86.ActiveCfg = Release|Any CPU
		{261322E7-E6D1-40C2-BD60-01FDACDF7851}.Release|x86.Build.0 = Release|Any CPU
		{4E86260B-4B42-4874-8411-25919A6EBB06}.Debug|Any CPU.ActiveCfg = Debug|Any CPU
		{4E86260B-4B42-4874-8411-25919A6EBB06}.Debug|Any CPU.Build.0 = Debug|Any CPU
		{4E86260B-4B42-4874-8411-25919A6EBB06}.Debug|x64.ActiveCfg = Debug|Any CPU
		{4E86260B-4B42-4874-8411-25919A6EBB06}.Debug|x64.Build.0 = Debug|Any CPU
		{4E86260B-4B42-4874-8411-25919A6EBB06}.Debug|x86.ActiveCfg = Debug|Any CPU
		{4E86260B-4B42-4874-8411-25919A6EBB06}.Debug|x86.Build.0 = Debug|Any CPU
		{4E86260B-4B42-4874-8411-25919A6EBB06}.Release|Any CPU.ActiveCfg = Release|Any CPU
		{4E86260B-4B42-4874-8411-25919A6EBB06}.Release|Any CPU.Build.0 = Release|Any CPU
		{4E86260B-4B42-4874-8411-25919A6EBB06}.Release|x64.ActiveCfg = Release|Any CPU
		{4E86260B-4B42-4874-8411-25919A6EBB06}.Release|x64.Build.0 = Release|Any CPU
		{4E86260B-4B42-4874-8411-25919A6EBB06}.Release|x86.ActiveCfg = Release|Any CPU
		{4E86260B-4B42-4874-8411-25919A6EBB06}.Release|x86.Build.0 = Release|Any CPU
	EndGlobalSection
	GlobalSection(SolutionProperties) = preSolution
		HideSolutionNode = FALSE
	EndGlobalSection
EndGlobal
